PODS:
  - Alamofire (3.1.5)
  - MRProgress (0.8.3):
    - MRProgress/ActivityIndicator (= 0.8.3)
    - MRProgress/Blur (= 0.8.3)
    - MRProgress/Circular (= 0.8.3)
    - MRProgress/Icons (= 0.8.3)
    - MRProgress/NavigationBarProgress (= 0.8.3)
    - MRProgress/Overlay (= 0.8.3)
  - MRProgress/ActivityIndicator (0.8.3):
    - MRProgress/Stopable
  - MRProgress/Blur (0.8.3):
    - MRProgress/Helper
  - MRProgress/Circular (0.8.3):
    - MRProgress/Helper
    - MRProgress/ProgressBaseClass
    - MRProgress/Stopable
  - MRProgress/Helper (0.8.3)
  - MRProgress/Icons (0.8.3)
  - MRProgress/NavigationBarProgress (0.8.3):
    - MRProgress/ProgressBaseClass
  - MRProgress/Overlay (0.8.3):
    - MRProgress/ActivityIndicator
    - MRProgress/Blur
    - MRProgress/Circular
    - MRProgress/Helper
    - MRProgress/Icons
  - MRProgress/ProgressBaseClass (0.8.3)
  - MRProgress/Stopable (0.8.3):
    - MRProgress/Helper
  - ObjectMapper (1.3.0)
  - SDWebImage (3.8.1):
    - SDWebImage/Core (= 3.8.1)
  - SDWebImage/Core (3.8.1)
  - SwiftyJSON (2.3.2)

DEPENDENCIES:
  - Alamofire (~> 3.0)
  - MRProgress (from `https://github.com/mrackwitz/MRProgress.git`)
  - ObjectMapper (from `https://github.com/Hearst-DD/ObjectMapper.git`)
  - SDWebImage (from `https://github.com/rs/SDWebImage.git`)
  - SwiftyJSON (from `https://github.com/SwiftyJSON/SwiftyJSON.git`)

EXTERNAL SOURCES:
  MRProgress:
    :git: https://github.com/mrackwitz/MRProgress.git
  ObjectMapper:
    :git: https://github.com/Hearst-DD/ObjectMapper.git
  SDWebImage:
    :git: https://github.com/rs/SDWebImage.git
  SwiftyJSON:
    :git: https://github.com/SwiftyJSON/SwiftyJSON.git

CHECKOUT OPTIONS:
  MRProgress:
    :commit: 973569c82738e4720f4226ad9afbcc723efa4a90
    :git: https://github.com/mrackwitz/MRProgress.git
  ObjectMapper:
    :commit: 3f34da4426f76fce5d3abf0cb6e6ea734148de35
    :git: https://github.com/Hearst-DD/ObjectMapper.git
  SDWebImage:
    :commit: c012fc9bb2e5b1775a8a4a847938352187496a05
    :git: https://github.com/rs/SDWebImage.git
  SwiftyJSON:
    :commit: 73670b94292b8d8496c398a973f56ac67789ba9f
    :git: https://github.com/SwiftyJSON/SwiftyJSON.git

SPEC CHECKSUMS:
  Alamofire: 5f730ba29fd113b7ddd71c1e65d0c630acf5d7b0
  MRProgress: b0c2bcff94ee700ac2aea810e1f51720c059cbd3
  ObjectMapper: 4eb08a726e9791a93b2632049951b56a7c17e471
  SDWebImage: 35f9627a3e44b4f292a8a8ce6a531fa488239b91
  SwiftyJSON: 04ccea08915aa0109039157c7974cf0298da292a

PODFILE CHECKSUM: 5eaea1d30ec3f90157b6d733032417ea520c4f8d

COCOAPODS: 1.0.1
