// !$*UTF8*$!
{
	archiveVersion = 1;
	classes = {
	};
	objectVersion = 46;
	objects = {

/* Begin PBXBuildFile section */
		7787329289E8CDAD0B5A2401 /* Pods_RestaurantsNYTests.framework in Frameworks */ = {isa = PBXBuildFile; fileRef = 648447C126172A095EDA55D9 /* Pods_RestaurantsNYTests.framework */; };
		88327F091D11A23C009B610F /* AppDelegate.swift in Sources */ = {isa = PBXBuildFile; fileRef = 88327F081D11A23C009B610F /* AppDelegate.swift */; };
		88327F0B1D11A23C009B610F /* ViewController.swift in Sources */ = {isa = PBXBuildFile; fileRef = 88327F0A1D11A23C009B610F /* ViewController.swift */; };
		88327F0E1D11A23C009B610F /* Main.storyboard in Resources */ = {isa = PBXBuildFile; fileRef = 88327F0C1D11A23C009B610F /* Main.storyboard */; };
		88327F101D11A23C009B610F /* Assets.xcassets in Resources */ = {isa = PBXBuildFile; fileRef = 88327F0F1D11A23C009B610F /* Assets.xcassets */; };
		88327F131D11A23C009B610F /* LaunchScreen.storyboard in Resources */ = {isa = PBXBuildFile; fileRef = 88327F111D11A23C009B610F /* LaunchScreen.storyboard */; };
		88327F1E1D11A23C009B610F /* RestaurantsNYTests.swift in Sources */ = {isa = PBXBuildFile; fileRef = 88327F1D1D11A23C009B610F /* RestaurantsNYTests.swift */; };
		8842DF5A1D11DAD50062746E /* Restaurant.swift in Sources */ = {isa = PBXBuildFile; fileRef = 8842DF591D11DAD50062746E /* Restaurant.swift */; };
		8842DF5C1D11E0F40062746E /* Response.swift in Sources */ = {isa = PBXBuildFile; fileRef = 8842DF5B1D11E0F40062746E /* Response.swift */; };
		8842DF5F1D11F5510062746E /* RestaurantCell.swift in Sources */ = {isa = PBXBuildFile; fileRef = 8842DF5E1D11F5510062746E /* RestaurantCell.swift */; };
		88B5287E1D1208D300E9A67A /* RestaurantProfileViewController.swift in Sources */ = {isa = PBXBuildFile; fileRef = 88B5287D1D1208D300E9A67A /* RestaurantProfileViewController.swift */; };
		88C3E3061D11C96200B2CE76 /* Stats.swift in Sources */ = {isa = PBXBuildFile; fileRef = 88C3E3051D11C96200B2CE76 /* Stats.swift */; };
		88C3E3081D11CC6B00B2CE76 /* City.swift in Sources */ = {isa = PBXBuildFile; fileRef = 88C3E3071D11CC6B00B2CE76 /* City.swift */; };
		88D68D081D125CA5001E7715 /* Reachability.swift in Sources */ = {isa = PBXBuildFile; fileRef = 88D68D071D125CA5001E7715 /* Reachability.swift */; };
		88E38C451D11AF9300990A27 /* Constants.swift in Sources */ = {isa = PBXBuildFile; fileRef = 88E38C441D11AF9300990A27 /* Constants.swift */; };
		DC448DEBBEAD57BBDFDE2579 /* Pods_RestaurantsNY.framework in Frameworks */ = {isa = PBXBuildFile; fileRef = 39654F3F731C4C5921093409 /* Pods_RestaurantsNY.framework */; };
/* End PBXBuildFile section */

/* Begin PBXContainerItemProxy section */
		88327F1A1D11A23C009B610F /* PBXContainerItemProxy */ = {
			isa = PBXContainerItemProxy;
			containerPortal = 88327EFD1D11A23B009B610F /* Project object */;
			proxyType = 1;
			remoteGlobalIDString = 88327F041D11A23C009B610F;
			remoteInfo = RestaurantsNY;
		};
/* End PBXContainerItemProxy section */

/* Begin PBXFileReference section */
		0372A20C27611767BFBFC076 /* Pods-RestaurantsNY.debug.xcconfig */ = {isa = PBXFileReference; includeInIndex = 1; lastKnownFileType = text.xcconfig; name = "Pods-RestaurantsNY.debug.xcconfig"; path = "Pods/Target Support Files/Pods-RestaurantsNY/Pods-RestaurantsNY.debug.xcconfig"; sourceTree = "<group>"; };
		0A528F0C6FBF8BD950A2F156 /* Pods-RestaurantsNY.release.xcconfig */ = {isa = PBXFileReference; includeInIndex = 1; lastKnownFileType = text.xcconfig; name = "Pods-RestaurantsNY.release.xcconfig"; path = "Pods/Target Support Files/Pods-RestaurantsNY/Pods-RestaurantsNY.release.xcconfig"; sourceTree = "<group>"; };
		39654F3F731C4C5921093409 /* Pods_RestaurantsNY.framework */ = {isa = PBXFileReference; explicitFileType = wrapper.framework; includeInIndex = 0; path = Pods_RestaurantsNY.framework; sourceTree = BUILT_PRODUCTS_DIR; };
		648447C126172A095EDA55D9 /* Pods_RestaurantsNYTests.framework */ = {isa = PBXFileReference; explicitFileType = wrapper.framework; includeInIndex = 0; path = Pods_RestaurantsNYTests.framework; sourceTree = BUILT_PRODUCTS_DIR; };
		88327F051D11A23C009B610F /* RestaurantsNY.app */ = {isa = PBXFileReference; explicitFileType = wrapper.application; includeInIndex = 0; path = RestaurantsNY.app; sourceTree = BUILT_PRODUCTS_DIR; };
		88327F081D11A23C009B610F /* AppDelegate.swift */ = {isa = PBXFileReference; lastKnownFileType = sourcecode.swift; path = AppDelegate.swift; sourceTree = "<group>"; };
		88327F0A1D11A23C009B610F /* ViewController.swift */ = {isa = PBXFileReference; lastKnownFileType = sourcecode.swift; path = ViewController.swift; sourceTree = "<group>"; };
		88327F0D1D11A23C009B610F /* Base */ = {isa = PBXFileReference; lastKnownFileType = file.storyboard; name = Base; path = Base.lproj/Main.storyboard; sourceTree = "<group>"; };
		88327F0F1D11A23C009B610F /* Assets.xcassets */ = {isa = PBXFileReference; lastKnownFileType = folder.assetcatalog; path = Assets.xcassets; sourceTree = "<group>"; };
		88327F121D11A23C009B610F /* Base */ = {isa = PBXFileReference; lastKnownFileType = file.storyboard; name = Base; path = Base.lproj/LaunchScreen.storyboard; sourceTree = "<group>"; };
		88327F141D11A23C009B610F /* Info.plist */ = {isa = PBXFileReference; lastKnownFileType = text.plist.xml; path = Info.plist; sourceTree = "<group>"; };
		88327F191D11A23C009B610F /* RestaurantsNYTests.xctest */ = {isa = PBXFileReference; explicitFileType = wrapper.cfbundle; includeInIndex = 0; path = RestaurantsNYTests.xctest; sourceTree = BUILT_PRODUCTS_DIR; };
		88327F1D1D11A23C009B610F /* RestaurantsNYTests.swift */ = {isa = PBXFileReference; lastKnownFileType = sourcecode.swift; path = RestaurantsNYTests.swift; sourceTree = "<group>"; };
		88327F1F1D11A23C009B610F /* Info.plist */ = {isa = PBXFileReference; lastKnownFileType = text.plist.xml; path = Info.plist; sourceTree = "<group>"; };
		8842DF591D11DAD50062746E /* Restaurant.swift */ = {isa = PBXFileReference; fileEncoding = 4; lastKnownFileType = sourcecode.swift; path = Restaurant.swift; sourceTree = "<group>"; };
		8842DF5B1D11E0F40062746E /* Response.swift */ = {isa = PBXFileReference; fileEncoding = 4; lastKnownFileType = sourcecode.swift; path = Response.swift; sourceTree = "<group>"; };
		8842DF5E1D11F5510062746E /* RestaurantCell.swift */ = {isa = PBXFileReference; fileEncoding = 4; lastKnownFileType = sourcecode.swift; path = RestaurantCell.swift; sourceTree = "<group>"; };
		88B5287D1D1208D300E9A67A /* RestaurantProfileViewController.swift */ = {isa = PBXFileReference; fileEncoding = 4; lastKnownFileType = sourcecode.swift; path = RestaurantProfileViewController.swift; sourceTree = "<group>"; };
		88C3E3051D11C96200B2CE76 /* Stats.swift */ = {isa = PBXFileReference; fileEncoding = 4; lastKnownFileType = sourcecode.swift; path = Stats.swift; sourceTree = "<group>"; };
		88C3E3071D11CC6B00B2CE76 /* City.swift */ = {isa = PBXFileReference; fileEncoding = 4; lastKnownFileType = sourcecode.swift; path = City.swift; sourceTree = "<group>"; };
		88D68D071D125CA5001E7715 /* Reachability.swift */ = {isa = PBXFileReference; fileEncoding = 4; lastKnownFileType = sourcecode.swift; path = Reachability.swift; sourceTree = "<group>"; };
		88E38C441D11AF9300990A27 /* Constants.swift */ = {isa = PBXFileReference; fileEncoding = 4; lastKnownFileType = sourcecode.swift; path = Constants.swift; sourceTree = "<group>"; };
		8B3E0D8E0697B854D8703EB5 /* Pods-RestaurantsNYTests.release.xcconfig */ = {isa = PBXFileReference; includeInIndex = 1; lastKnownFileType = text.xcconfig; name = "Pods-RestaurantsNYTests.release.xcconfig"; path = "Pods/Target Support Files/Pods-RestaurantsNYTests/Pods-RestaurantsNYTests.release.xcconfig"; sourceTree = "<group>"; };
		DB2F06F68D0AA66BFA07C433 /* Pods-RestaurantsNYTests.debug.xcconfig */ = {isa = PBXFileReference; includeInIndex = 1; lastKnownFileType = text.xcconfig; name = "Pods-RestaurantsNYTests.debug.xcconfig"; path = "Pods/Target Support Files/Pods-RestaurantsNYTests/Pods-RestaurantsNYTests.debug.xcconfig"; sourceTree = "<group>"; };
/* End PBXFileReference section */

/* Begin PBXFrameworksBuildPhase section */
		88327F021D11A23C009B610F /* Frameworks */ = {
			isa = PBXFrameworksBuildPhase;
			buildActionMask = 2147483647;
			files = (
				DC448DEBBEAD57BBDFDE2579 /* Pods_RestaurantsNY.framework in Frameworks */,
			);
			runOnlyForDeploymentPostprocessing = 0;
		};
		88327F161D11A23C009B610F /* Frameworks */ = {
			isa = PBXFrameworksBuildPhase;
			buildActionMask = 2147483647;
			files = (
				7787329289E8CDAD0B5A2401 /* Pods_RestaurantsNYTests.framework in Frameworks */,
			);
			runOnlyForDeploymentPostprocessing = 0;
		};
/* End PBXFrameworksBuildPhase section */

/* Begin PBXGroup section */
		0F7E3AD0AD15C1D1145B4CDA /* Pods */ = {
			isa = PBXGroup;
			children = (
				0372A20C27611767BFBFC076 /* Pods-RestaurantsNY.debug.xcconfig */,
				0A528F0C6FBF8BD950A2F156 /* Pods-RestaurantsNY.release.xcconfig */,
				DB2F06F68D0AA66BFA07C433 /* Pods-RestaurantsNYTests.debug.xcconfig */,
				8B3E0D8E0697B854D8703EB5 /* Pods-RestaurantsNYTests.release.xcconfig */,
			);
			name = Pods;
			sourceTree = "<group>";
		};
		52D2EC159ED834BD6666572E /* Frameworks */ = {
			isa = PBXGroup;
			children = (
				39654F3F731C4C5921093409 /* Pods_RestaurantsNY.framework */,
				648447C126172A095EDA55D9 /* Pods_RestaurantsNYTests.framework */,
			);
			name = Frameworks;
			sourceTree = "<group>";
		};
		88327EFC1D11A23B009B610F = {
			isa = PBXGroup;
			children = (
				88327F071D11A23C009B610F /* RestaurantsNY */,
				88327F1C1D11A23C009B610F /* RestaurantsNYTests */,
				88327F061D11A23C009B610F /* Products */,
				0F7E3AD0AD15C1D1145B4CDA /* Pods */,
				52D2EC159ED834BD6666572E /* Frameworks */,
			);
			sourceTree = "<group>";
		};
		88327F061D11A23C009B610F /* Products */ = {
			isa = PBXGroup;
			children = (
				88327F051D11A23C009B610F /* RestaurantsNY.app */,
				88327F191D11A23C009B610F /* RestaurantsNYTests.xctest */,
			);
			name = Products;
			sourceTree = "<group>";
		};
		88327F071D11A23C009B610F /* RestaurantsNY */ = {
			isa = PBXGroup;
			children = (
				88D68D061D125C90001E7715 /* Helpers */,
				88B5287C1D1208BC00E9A67A /* ViewControllers */,
				8842DF5D1D11F5340062746E /* ViewCells */,
				88E38C431D11AF4F00990A27 /* Constants */,
				88E38C421D11AF4700990A27 /* Models */,
				88327F081D11A23C009B610F /* AppDelegate.swift */,
				88327F0C1D11A23C009B610F /* Main.storyboard */,
				88327F0F1D11A23C009B610F /* Assets.xcassets */,
				88327F111D11A23C009B610F /* LaunchScreen.storyboard */,
				88327F141D11A23C009B610F /* Info.plist */,
			);
			path = RestaurantsNY;
			sourceTree = "<group>";
		};
		88327F1C1D11A23C009B610F /* RestaurantsNYTests */ = {
			isa = PBXGroup;
			children = (
				88327F1D1D11A23C009B610F /* RestaurantsNYTests.swift */,
				88327F1F1D11A23C009B610F /* Info.plist */,
			);
			path = RestaurantsNYTests;
			sourceTree = "<group>";
		};
		8842DF5D1D11F5340062746E /* ViewCells */ = {
			isa = PBXGroup;
			children = (
				8842DF5E1D11F5510062746E /* RestaurantCell.swift */,
			);
			name = ViewCells;
			sourceTree = "<group>";
		};
		88B5287C1D1208BC00E9A67A /* ViewControllers */ = {
			isa = PBXGroup;
			children = (
				88327F0A1D11A23C009B610F /* ViewController.swift */,
				88B5287D1D1208D300E9A67A /* RestaurantProfileViewController.swift */,
			);
			name = ViewControllers;
			sourceTree = "<group>";
		};
		88D68D061D125C90001E7715 /* Helpers */ = {
			isa = PBXGroup;
			children = (
				88D68D071D125CA5001E7715 /* Reachability.swift */,
			);
			name = Helpers;
			sourceTree = "<group>";
		};
		88E38C421D11AF4700990A27 /* Models */ = {
			isa = PBXGroup;
			children = (
				88C3E3051D11C96200B2CE76 /* Stats.swift */,
				88C3E3071D11CC6B00B2CE76 /* City.swift */,
				8842DF591D11DAD50062746E /* Restaurant.swift */,
				8842DF5B1D11E0F40062746E /* Response.swift */,
			);
			name = Models;
			sourceTree = "<group>";
		};
		88E38C431D11AF4F00990A27 /* Constants */ = {
			isa = PBXGroup;
			children = (
				88E38C441D11AF9300990A27 /* Constants.swift */,
			);
			name = Constants;
			sourceTree = "<group>";
		};
/* End PBXGroup section */

/* Begin PBXNativeTarget section */
		88327F041D11A23C009B610F /* RestaurantsNY */ = {
			isa = PBXNativeTarget;
			buildConfigurationList = 88327F221D11A23C009B610F /* Build configuration list for PBXNativeTarget "RestaurantsNY" */;
			buildPhases = (
				BDF4BF6B374FEE431B6A76FE /* [CP] Check Pods Manifest.lock */,
				88327F011D11A23C009B610F /* Sources */,
				88327F021D11A23C009B610F /* Frameworks */,
				88327F031D11A23C009B610F /* Resources */,
				11E9C46FFA0BF9D85665C880 /* [CP] Embed Pods Frameworks */,
				A69E957826819990EEBE82DF /* [CP] Copy Pods Resources */,
			);
			buildRules = (
			);
			dependencies = (
			);
			name = RestaurantsNY;
			productName = RestaurantsNY;
			productReference = 88327F051D11A23C009B610F /* RestaurantsNY.app */;
			productType = "com.apple.product-type.application";
		};
		88327F181D11A23C009B610F /* RestaurantsNYTests */ = {
			isa = PBXNativeTarget;
			buildConfigurationList = 88327F251D11A23C009B610F /* Build configuration list for PBXNativeTarget "RestaurantsNYTests" */;
			buildPhases = (
				C83B822B9A3B20E2EF59B519 /* [CP] Check Pods Manifest.lock */,
				88327F151D11A23C009B610F /* Sources */,
				88327F161D11A23C009B610F /* Frameworks */,
				88327F171D11A23C009B610F /* Resources */,
				A66403470DBB26DE3C91EF20 /* [CP] Embed Pods Frameworks */,
				2A99A4132BDB455F91304D76 /* [CP] Copy Pods Resources */,
			);
			buildRules = (
			);
			dependencies = (
				88327F1B1D11A23C009B610F /* PBXTargetDependency */,
			);
			name = RestaurantsNYTests;
			productName = RestaurantsNYTests;
			productReference = 88327F191D11A23C009B610F /* RestaurantsNYTests.xctest */;
			productType = "com.apple.product-type.bundle.unit-test";
		};
/* End PBXNativeTarget section */

/* Begin PBXProject section */
		88327EFD1D11A23B009B610F /* Project object */ = {
			isa = PBXProject;
			attributes = {
				LastSwiftUpdateCheck = 0730;
				LastUpgradeCheck = 0730;
				ORGANIZATIONNAME = "Harim Tejada";
				TargetAttributes = {
					88327F041D11A23C009B610F = {
						CreatedOnToolsVersion = 7.3;
					};
					88327F181D11A23C009B610F = {
						CreatedOnToolsVersion = 7.3;
						TestTargetID = 88327F041D11A23C009B610F;
					};
				};
			};
			buildConfigurationList = 88327F001D11A23B009B610F /* Build configuration list for PBXProject "RestaurantsNY" */;
			compatibilityVersion = "Xcode 3.2";
			developmentRegion = English;
			hasScannedForEncodings = 0;
			knownRegions = (
				en,
				Base,
			);
			mainGroup = 88327EFC1D11A23B009B610F;
			productRefGroup = 88327F061D11A23C009B610F /* Products */;
			projectDirPath = "";
			projectRoot = "";
			targets = (
				88327F041D11A23C009B610F /* RestaurantsNY */,
				88327F181D11A23C009B610F /* RestaurantsNYTests */,
			);
		};
/* End PBXProject section */

/* Begin PBXResourcesBuildPhase section */
		88327F031D11A23C009B610F /* Resources */ = {
			isa = PBXResourcesBuildPhase;
			buildActionMask = 2147483647;
			files = (
				88327F131D11A23C009B610F /* LaunchScreen.storyboard in Resources */,
				88327F101D11A23C009B610F /* Assets.xcassets in Resources */,
				88327F0E1D11A23C009B610F /* Main.storyboard in Resources */,
			);
			runOnlyForDeploymentPostprocessing = 0;
		};
		88327F171D11A23C009B610F /* Resources */ = {
			isa = PBXResourcesBuildPhase;
			buildActionMask = 2147483647;
			files = (
			);
			runOnlyForDeploymentPostprocessing = 0;
		};
/* End PBXResourcesBuildPhase section */

/* Begin PBXShellScriptBuildPhase section */
		11E9C46FFA0BF9D85665C880 /* [CP] Embed Pods Frameworks */ = {
			isa = PBXShellScriptBuildPhase;
			buildActionMask = 2147483647;
			files = (
			);
			inputPaths = (
			);
			name = "[CP] Embed Pods Frameworks";
			outputPaths = (
			);
			runOnlyForDeploymentPostprocessing = 0;
			shellPath = /bin/sh;
			shellScript = "\"${SRCROOT}/Pods/Target Support Files/Pods-RestaurantsNY/Pods-RestaurantsNY-frameworks.sh\"\n";
			showEnvVarsInLog = 0;
		};
		2A99A4132BDB455F91304D76 /* [CP] Copy Pods Resources */ = {
			isa = PBXShellScriptBuildPhase;
			buildActionMask = 2147483647;
			files = (
			);
			inputPaths = (
			);
			name = "[CP] Copy Pods Resources";
			outputPaths = (
			);
			runOnlyForDeploymentPostprocessing = 0;
			shellPath = /bin/sh;
			shellScript = "\"${SRCROOT}/Pods/Target Support Files/Pods-RestaurantsNYTests/Pods-RestaurantsNYTests-resources.sh\"\n";
			showEnvVarsInLog = 0;
		};
		A66403470DBB26DE3C91EF20 /* [CP] Embed Pods Frameworks */ = {
			isa = PBXShellScriptBuildPhase;
			buildActionMask = 2147483647;
			files = (
			);
			inputPaths = (
			);
			name = "[CP] Embed Pods Frameworks";
			outputPaths = (
			);
			runOnlyForDeploymentPostprocessing = 0;
			shellPath = /bin/sh;
			shellScript = "\"${SRCROOT}/Pods/Target Support Files/Pods-RestaurantsNYTests/Pods-RestaurantsNYTests-frameworks.sh\"\n";
			showEnvVarsInLog = 0;
		};
		A69E957826819990EEBE82DF /* [CP] Copy Pods Resources */ = {
			isa = PBXShellScriptBuildPhase;
			buildActionMask = 2147483647;
			files = (
			);
			inputPaths = (
			);
			name = "[CP] Copy Pods Resources";
			outputPaths = (
			);
			runOnlyForDeploymentPostprocessing = 0;
			shellPath = /bin/sh;
			shellScript = "\"${SRCROOT}/Pods/Target Support Files/Pods-RestaurantsNY/Pods-RestaurantsNY-resources.sh\"\n";
			showEnvVarsInLog = 0;
		};
		BDF4BF6B374FEE431B6A76FE /* [CP] Check Pods Manifest.lock */ = {
			isa = PBXShellScriptBuildPhase;
			buildActionMask = 2147483647;
			files = (
			);
			inputPaths = (
			);
			name = "[CP] Check Pods Manifest.lock";
			outputPaths = (
			);
			runOnlyForDeploymentPostprocessing = 0;
			shellPath = /bin/sh;
			shellScript = "diff \"${PODS_ROOT}/../Podfile.lock\" \"${PODS_ROOT}/Manifest.lock\" > /dev/null\nif [[ $? != 0 ]] ; then\n    cat << EOM\nerror: The sandbox is not in sync with the Podfile.lock. Run 'pod install' or update your CocoaPods installation.\nEOM\n    exit 1\nfi\n";
			showEnvVarsInLog = 0;
		};
		C83B822B9A3B20E2EF59B519 /* [CP] Check Pods Manifest.lock */ = {
			isa = PBXShellScriptBuildPhase;
			buildActionMask = 2147483647;
			files = (
			);
			inputPaths = (
			);
			name = "[CP] Check Pods Manifest.lock";
			outputPaths = (
			);
			runOnlyForDeploymentPostprocessing = 0;
			shellPath = /bin/sh;
			shellScript = "diff \"${PODS_ROOT}/../Podfile.lock\" \"${PODS_ROOT}/Manifest.lock\" > /dev/null\nif [[ $? != 0 ]] ; then\n    cat << EOM\nerror: The sandbox is not in sync with the Podfile.lock. Run 'pod install' or update your CocoaPods installation.\nEOM\n    exit 1\nfi\n";
			showEnvVarsInLog = 0;
		};
/* End PBXShellScriptBuildPhase section */

/* Begin PBXSourcesBuildPhase section */
		88327F011D11A23C009B610F /* Sources */ = {
			isa = PBXSourcesBuildPhase;
			buildActionMask = 2147483647;
			files = (
				8842DF5F1D11F5510062746E /* RestaurantCell.swift in Sources */,
				88327F0B1D11A23C009B610F /* ViewController.swift in Sources */,
				88C3E3081D11CC6B00B2CE76 /* City.swift in Sources */,
				8842DF5A1D11DAD50062746E /* Restaurant.swift in Sources */,
				88B5287E1D1208D300E9A67A /* RestaurantProfileViewController.swift in Sources */,
				88C3E3061D11C96200B2CE76 /* Stats.swift in Sources */,
				88E38C451D11AF9300990A27 /* Constants.swift in Sources */,
				88327F091D11A23C009B610F /* AppDelegate.swift in Sources */,
				88D68D081D125CA5001E7715 /* Reachability.swift in Sources */,
				8842DF5C1D11E0F40062746E /* Response.swift in Sources */,
			);
			runOnlyForDeploymentPostprocessing = 0;
		};
		88327F151D11A23C009B610F /* Sources */ = {
			isa = PBXSourcesBuildPhase;
			buildActionMask = 2147483647;
			files = (
				88327F1E1D11A23C009B610F /* RestaurantsNYTests.swift in Sources */,
			);
			runOnlyForDeploymentPostprocessing = 0;
		};
/* End PBXSourcesBuildPhase section */

/* Begin PBXTargetDependency section */
		88327F1B1D11A23C009B610F /* PBXTargetDependency */ = {
			isa = PBXTargetDependency;
			target = 88327F041D11A23C009B610F /* RestaurantsNY */;
			targetProxy = 88327F1A1D11A23C009B610F /* PBXContainerItemProxy */;
		};
/* End PBXTargetDependency section */

/* Begin PBXVariantGroup section */
		88327F0C1D11A23C009B610F /* Main.storyboard */ = {
			isa = PBXVariantGroup;
			children = (
				88327F0D1D11A23C009B610F /* Base */,
			);
			name = Main.storyboard;
			sourceTree = "<group>";
		};
		88327F111D11A23C009B610F /* LaunchScreen.storyboard */ = {
			isa = PBXVariantGroup;
			children = (
				88327F121D11A23C009B610F /* Base */,
			);
			name = LaunchScreen.storyboard;
			sourceTree = "<group>";
		};
/* End PBXVariantGroup section */

/* Begin XCBuildConfiguration section */
		88327F201D11A23C009B610F /* Debug */ = {
			isa = XCBuildConfiguration;
			buildSettings = {
				ALWAYS_SEARCH_USER_PATHS = NO;
				CLANG_ANALYZER_NONNULL = YES;
				CLANG_CXX_LANGUAGE_STANDARD = "gnu++0x";
				CLANG_CXX_LIBRARY = "libc++";
				CLANG_ENABLE_MODULES = YES;
				CLANG_ENABLE_OBJC_ARC = YES;
				CLANG_WARN_BOOL_CONVERSION = YES;
				CLANG_WARN_CONSTANT_CONVERSION = YES;
				CLANG_WARN_DIRECT_OBJC_ISA_USAGE = YES_ERROR;
				CLANG_WARN_EMPTY_BODY = YES;
				CLANG_WARN_ENUM_CONVERSION = YES;
				CLANG_WARN_INT_CONVERSION = YES;
				CLANG_WARN_OBJC_ROOT_CLASS = YES_ERROR;
				CLANG_WARN_UNREACHABLE_CODE = YES;
				CLANG_WARN__DUPLICATE_METHOD_MATCH = YES;
				"CODE_SIGN_IDENTITY[sdk=iphoneos*]" = "iPhone Developer";
				COPY_PHASE_STRIP = NO;
				DEBUG_INFORMATION_FORMAT = dwarf;
				ENABLE_STRICT_OBJC_MSGSEND = YES;
				ENABLE_TESTABILITY = YES;
				GCC_C_LANGUAGE_STANDARD = gnu99;
				GCC_DYNAMIC_NO_PIC = NO;
				GCC_NO_COMMON_BLOCKS = YES;
				GCC_OPTIMIZATION_LEVEL = 0;
				GCC_PREPROCESSOR_DEFINITIONS = (
					"DEBUG=1",
					"$(inherited)",
				);
				GCC_WARN_64_TO_32_BIT_CONVERSION = YES;
				GCC_WARN_ABOUT_RETURN_TYPE = YES_ERROR;
				GCC_WARN_UNDECLARED_SELECTOR = YES;
				GCC_WARN_UNINITIALIZED_AUTOS = YES_AGGRESSIVE;
				GCC_WARN_UNUSED_FUNCTION = YES;
				GCC_WARN_UNUSED_VARIABLE = YES;
				IPHONEOS_DEPLOYMENT_TARGET = 9.3;
				MTL_ENABLE_DEBUG_INFO = YES;
				ONLY_ACTIVE_ARCH = YES;
				SDKROOT = iphoneos;
				SWIFT_OPTIMIZATION_LEVEL = "-Onone";
			};
			name = Debug;
		};
		88327F211D11A23C009B610F /* Release */ = {
			isa = XCBuildConfiguration;
			buildSettings = {
				ALWAYS_SEARCH_USER_PATHS = NO;
				CLANG_ANALYZER_NONNULL = YES;
				CLANG_CXX_LANGUAGE_STANDARD = "gnu++0x";
				CLANG_CXX_LIBRARY = "libc++";
				CLANG_ENABLE_MODULES = YES;
				CLANG_ENABLE_OBJC_ARC = YES;
				CLANG_WARN_BOOL_CONVERSION = YES;
				CLANG_WARN_CONSTANT_CONVERSION = YES;
				CLANG_WARN_DIRECT_OBJC_ISA_USAGE = YES_ERROR;
				CLANG_WARN_EMPTY_BODY = YES;
				CLANG_WARN_ENUM_CONVERSION = YES;
				CLANG_WARN_INT_CONVERSION = YES;
				CLANG_WARN_OBJC_ROOT_CLASS = YES_ERROR;
				CLANG_WARN_UNREACHABLE_CODE = YES;
				CLANG_WARN__DUPLICATE_METHOD_MATCH = YES;
				"CODE_SIGN_IDENTITY[sdk=iphoneos*]" = "iPhone Developer";
				COPY_PHASE_STRIP = NO;
				DEBUG_INFORMATION_FORMAT = "dwarf-with-dsym";
				ENABLE_NS_ASSERTIONS = NO;
				ENABLE_STRICT_OBJC_MSGSEND = YES;
				GCC_C_LANGUAGE_STANDARD = gnu99;
				GCC_NO_COMMON_BLOCKS = YES;
				GCC_WARN_64_TO_32_BIT_CONVERSION = YES;
				GCC_WARN_ABOUT_RETURN_TYPE = YES_ERROR;
				GCC_WARN_UNDECLARED_SELECTOR = YES;
				GCC_WARN_UNINITIALIZED_AUTOS = YES_AGGRESSIVE;
				GCC_WARN_UNUSED_FUNCTION = YES;
				GCC_WARN_UNUSED_VARIABLE = YES;
				IPHONEOS_DEPLOYMENT_TARGET = 9.3;
				MTL_ENABLE_DEBUG_INFO = NO;
				SDKROOT = iphoneos;
				VALIDATE_PRODUCT = YES;
			};
			name = Release;
		};
		88327F231D11A23C009B610F /* Debug */ = {
			isa = XCBuildConfiguration;
			baseConfigurationReference = 0372A20C27611767BFBFC076 /* Pods-RestaurantsNY.debug.xcconfig */;
			buildSettings = {
				ASSETCATALOG_COMPILER_APPICON_NAME = AppIcon;
				INFOPLIST_FILE = RestaurantsNY/Info.plist;
				IPHONEOS_DEPLOYMENT_TARGET = 8.0;
				LD_RUNPATH_SEARCH_PATHS = "$(inherited) @executable_path/Frameworks";
				PRODUCT_BUNDLE_IDENTIFIER = com.harimtejada.RestaurantsNY;
				PRODUCT_NAME = "$(TARGET_NAME)";
			};
			name = Debug;
		};
		88327F241D11A23C009B610F /* Release */ = {
			isa = XCBuildConfiguration;
			baseConfigurationReference = 0A528F0C6FBF8BD950A2F156 /* Pods-RestaurantsNY.release.xcconfig */;
			buildSettings = {
				ASSETCATALOG_COMPILER_APPICON_NAME = AppIcon;
				INFOPLIST_FILE = RestaurantsNY/Info.plist;
				IPHONEOS_DEPLOYMENT_TARGET = 8.0;
				LD_RUNPATH_SEARCH_PATHS = "$(inherited) @executable_path/Frameworks";
				PRODUCT_BUNDLE_IDENTIFIER = com.harimtejada.RestaurantsNY;
				PRODUCT_NAME = "$(TARGET_NAME)";
			};
			name = Release;
		};
		88327F261D11A23C009B610F /* Debug */ = {
			isa = XCBuildConfiguration;
			baseConfigurationReference = DB2F06F68D0AA66BFA07C433 /* Pods-RestaurantsNYTests.debug.xcconfig */;
			buildSettings = {
				BUNDLE_LOADER = "$(TEST_HOST)";
				INFOPLIST_FILE = RestaurantsNYTests/Info.plist;
				LD_RUNPATH_SEARCH_PATHS = "$(inherited) @executable_path/Frameworks @loader_path/Frameworks";
				PRODUCT_BUNDLE_IDENTIFIER = com.harimtejada.RestaurantsNYTests;
				PRODUCT_NAME = "$(TARGET_NAME)";
				TEST_HOST = "$(BUILT_PRODUCTS_DIR)/RestaurantsNY.app/RestaurantsNY";
			};
			name = Debug;
		};
		88327F271D11A23C009B610F /* Release */ = {
			isa = XCBuildConfiguration;
			baseConfigurationReference = 8B3E0D8E0697B854D8703EB5 /* Pods-RestaurantsNYTests.release.xcconfig */;
			buildSettings = {
				BUNDLE_LOADER = "$(TEST_HOST)";
				INFOPLIST_FILE = RestaurantsNYTests/Info.plist;
				LD_RUNPATH_SEARCH_PATHS = "$(inherited) @executable_path/Frameworks @loader_path/Frameworks";
				PRODUCT_BUNDLE_IDENTIFIER = com.harimtejada.RestaurantsNYTests;
				PRODUCT_NAME = "$(TARGET_NAME)";
				TEST_HOST = "$(BUILT_PRODUCTS_DIR)/RestaurantsNY.app/RestaurantsNY";
			};
			name = Release;
		};
/* End XCBuildConfiguration section */

/* Begin XCConfigurationList section */
		88327F001D11A23B009B610F /* Build configuration list for PBXProject "RestaurantsNY" */ = {
			isa = XCConfigurationList;
			buildConfigurations = (
				88327F201D11A23C009B610F /* Debug */,
				88327F211D11A23C009B610F /* Release */,
			);
			defaultConfigurationIsVisible = 0;
			defaultConfigurationName = Release;
		};
		88327F221D11A23C009B610F /* Build configuration list for PBXNativeTarget "RestaurantsNY" */ = {
			isa = XCConfigurationList;
			buildConfigurations = (
				88327F231D11A23C009B610F /* Debug */,
				88327F241D11A23C009B610F /* Release */,
			);
			defaultConfigurationIsVisible = 0;
			defaultConfigurationName = Release;
		};
		88327F251D11A23C009B610F /* Build configuration list for PBXNativeTarget "RestaurantsNYTests" */ = {
			isa = XCConfigurationList;
			buildConfigurations = (
				88327F261D11A23C009B610F /* Debug */,
				88327F271D11A23C009B610F /* Release */,
			);
			defaultConfigurationIsVisible = 0;
			defaultConfigurationName = Release;
		};
/* End XCConfigurationList section */
	};
	rootObject = 88327EFD1D11A23B009B610F /* Project object */;
}
